dependencies:
- name: pyroscope
  repository: https://grafana.github.io/helm-charts
  version: 1.14.2
- name: grafana
  repository: https://grafana.github.io/helm-charts
  version: 7.3.12
- name: prometheus
  repository: https://prometheus-community.github.io/helm-charts
  version: 25.24.2
- name: loki
  repository: https://grafana.github.io/helm-charts
  version: 6.7.4
- name: tempo
  repository: https://grafana.github.io/helm-charts
  version: 1.23.3
- name: grafana-agent
  repository: https://grafana.github.io/helm-charts
  version: 0.37.0
digest: sha256:537af466b8fca7d1ef78c62cfeae304e8e76e25b80e52f317da3ac3f411ba1f6
generated: "2025-10-13T14:43:48.263512398+02:00"
