dependencies:
- name: pyroscope
  repository: https://grafana.github.io/helm-charts
  version: 1.14.1
- name: grafana
  repository: https://grafana.github.io/helm-charts
  version: 7.3.12
- name: prometheus
  repository: https://prometheus-community.github.io/helm-charts
  version: 25.24.2
- name: loki
  repository: https://grafana.github.io/helm-charts
  version: 6.7.4
- name: grafana-agent
  repository: https://grafana.github.io/helm-charts
  version: 0.37.0
digest: sha256:5a5f27f74bbf34848da9c1bab508d3b33fda19789016c2eda9608dcd6373921d
generated: "2025-08-04T13:28:59.433447595-05:00"
